Microsoft Visual Studio Solution File, Format Version 12.00
# Visual Studio Version 17
VisualStudioVersion = 17.0.31903.59
MinimumVisualStudioVersion = 10.0.40219.1
Project("{60DC8134-BA46-4B99-948A-D0A82C5A9AD9}") = "POS_WPF", "POS_WPF\POS_WPF.csproj", "{B5A1A4F0-1EA5-4D41-A1EE-6F7FA3B9D001}"
EndProject
Global
	GlobalSection(SolutionConfigurationPlatforms) = preSolution
		Debug|Any CPU = Debug|Any CPU
		Release|Any CPU = Release|Any CPU
	EndGlobalSection
	GlobalSection(ProjectConfigurationPlatforms) = postSolution
		{B5A1A4F0-1EA5-4D41-A1EE-6F7FA3B9D001}.Debug|Any CPU.ActiveCfg = Debug|Any CPU
		{B5A1A4F0-1EA5-4D41-A1EE-6F7FA3B9D001}.Debug|Any CPU.Build.0 = Debug|Any CPU
		{B5A1A4F0-1EA5-4D41-A1EE-6F7FA3B9D001}.Release|Any CPU.ActiveCfg = Release|Any CPU
		{B5A1A4F0-1EA5-4D41-A1EE-6F7FA3B9D001}.Release|Any CPU.Build.0 = Release|Any CPU
	EndGlobalSection
	GlobalSection(SolutionProperties) = preSolution
		HideSolutionNode = FALSE
	EndGlobalSection
EndGlobal
